// !$*UTF8*$!
{
	archiveVersion = 1;
	classes = {
	};
	objectVersion = 55;
	objects = {

/* Begin PBXBuildFile section */
		0AC0C4D828CF3438004F363C /* AppDelegate.swift in Sources */ = {isa = PBXBuildFile; fileRef = 0AC0C4D728CF3438004F363C /* AppDelegate.swift */; };
		0AC0C4DA28CF3438004F363C /* SceneDelegate.swift in Sources */ = {isa = PBXBuildFile; fileRef = 0AC0C4D928CF3438004F363C /* SceneDelegate.swift */; };
		0AC0C4DC28CF3438004F363C /* ViewController.swift in Sources */ = {isa = PBXBuildFile; fileRef = 0AC0C4DB28CF3438004F363C /* ViewController.swift */; };
		0AC0C4E128CF343A004F363C /* Assets.xcassets in Resources */ = {isa = PBXBuildFile; fileRef = 0AC0C4E028CF343A004F363C /* Assets.xcassets */; };
		0AC0C4E428CF343A004F363C /* LaunchScreen.storyboard in Resources */ = {isa = PBXBuildFile; fileRef = 0AC0C4E228CF343A004F363C /* LaunchScreen.storyboard */; };
		0AC0C4F228CF3598004F363C /* SnapKit in Frameworks */ = {isa = PBXBuildFile; productRef = 0AC0C4F128CF3598004F363C /* SnapKit */; };
		0AC0C4F528CF37B2004F363C /* TabBarController.swift in Sources */ = {isa = PBXBuildFile; fileRef = 0AC0C4F428CF37B2004F363C /* TabBarController.swift */; };
		0AC0C4F828CF386A004F363C /* HomeViewController.swift in Sources */ = {isa = PBXBuildFile; fileRef = 0AC0C4F728CF386A004F363C /* HomeViewController.swift */; };
		0AC0C4FA28CF387F004F363C /* ExpensesViewController.swift in Sources */ = {isa = PBXBuildFile; fileRef = 0AC0C4F928CF387F004F363C /* ExpensesViewController.swift */; };
		0AC0C4FD28CF3898004F363C /* ChatViewController.swift in Sources */ = {isa = PBXBuildFile; fileRef = 0AC0C4FC28CF3898004F363C /* ChatViewController.swift */; };
		0AC0C4FF28CF38A1004F363C /* HistoryViewController.swift in Sources */ = {isa = PBXBuildFile; fileRef = 0AC0C4FE28CF38A1004F363C /* HistoryViewController.swift */; };
		0AC0C50128CF38AA004F363C /* SettingsViewController.swift in Sources */ = {isa = PBXBuildFile; fileRef = 0AC0C50028CF38AA004F363C /* SettingsViewController.swift */; };
		0AC0C50328CF5116004F363C /* CollectionHeaders.swift in Sources */ = {isa = PBXBuildFile; fileRef = 0AC0C50228CF5116004F363C /* CollectionHeaders.swift */; };
		0AC0C50628CF517B004F363C /* HomeSection0CollectionViewCell.swift in Sources */ = {isa = PBXBuildFile; fileRef = 0AC0C50528CF517B004F363C /* HomeSection0CollectionViewCell.swift */; };
		0AC0C50828CF5190004F363C /* HomeSection1CollectionViewCell.swift in Sources */ = {isa = PBXBuildFile; fileRef = 0AC0C50728CF5190004F363C /* HomeSection1CollectionViewCell.swift */; };
/* End PBXBuildFile section */

/* Begin PBXFileReference section */
		0AC0C4D428CF3438004F363C /* BankApp.app */ = {isa = PBXFileReference; explicitFileType = wrapper.application; includeInIndex = 0; path = BankApp.app; sourceTree = BUILT_PRODUCTS_DIR; };
		0AC0C4D728CF3438004F363C /* AppDelegate.swift */ = {isa = PBXFileReference; lastKnownFileType = sourcecode.swift; path = AppDelegate.swift; sourceTree = "<group>"; };
		0AC0C4D928CF3438004F363C /* SceneDelegate.swift */ = {isa = PBXFileReference; lastKnownFileType = sourcecode.swift; path = SceneDelegate.swift; sourceTree = "<group>"; };
		0AC0C4DB28CF3438004F363C /* ViewController.swift */ = {isa = PBXFileReference; lastKnownFileType = sourcecode.swift; path = ViewController.swift; sourceTree = "<group>"; };
		0AC0C4E028CF343A004F363C /* Assets.xcassets */ = {isa = PBXFileReference; lastKnownFileType = folder.assetcatalog; path = Assets.xcassets; sourceTree = "<group>"; };
		0AC0C4E328CF343A004F363C /* Base */ = {isa = PBXFileReference; lastKnownFileType = file.storyboard; name = Base; path = Base.lproj/LaunchScreen.storyboard; sourceTree = "<group>"; };
		0AC0C4E528CF343A004F363C /* Info.plist */ = {isa = PBXFileReference; lastKnownFileType = text.plist.xml; path = Info.plist; sourceTree = "<group>"; };
		0AC0C4F428CF37B2004F363C /* TabBarController.swift */ = {isa = PBXFileReference; lastKnownFileType = sourcecode.swift; path = TabBarController.swift; sourceTree = "<group>"; };
		0AC0C4F728CF386A004F363C /* HomeViewController.swift */ = {isa = PBXFileReference; lastKnownFileType = sourcecode.swift; path = HomeViewController.swift; sourceTree = "<group>"; };
		0AC0C4F928CF387F004F363C /* ExpensesViewController.swift */ = {isa = PBXFileReference; lastKnownFileType = sourcecode.swift; path = ExpensesViewController.swift; sourceTree = "<group>"; };
		0AC0C4FC28CF3898004F363C /* ChatViewController.swift */ = {isa = PBXFileReference; lastKnownFileType = sourcecode.swift; path = ChatViewController.swift; sourceTree = "<group>"; };
		0AC0C4FE28CF38A1004F363C /* HistoryViewController.swift */ = {isa = PBXFileReference; lastKnownFileType = sourcecode.swift; path = HistoryViewController.swift; sourceTree = "<group>"; };
		0AC0C50028CF38AA004F363C /* SettingsViewController.swift */ = {isa = PBXFileReference; lastKnownFileType = sourcecode.swift; path = SettingsViewController.swift; sourceTree = "<group>"; };
		0AC0C50228CF5116004F363C /* CollectionHeaders.swift */ = {isa = PBXFileReference; lastKnownFileType = sourcecode.swift; path = CollectionHeaders.swift; sourceTree = "<group>"; };
		0AC0C50528CF517B004F363C /* HomeSection0CollectionViewCell.swift */ = {isa = PBXFileReference; lastKnownFileType = sourcecode.swift; path = HomeSection0CollectionViewCell.swift; sourceTree = "<group>"; };
		0AC0C50728CF5190004F363C /* HomeSection1CollectionViewCell.swift */ = {isa = PBXFileReference; lastKnownFileType = sourcecode.swift; path = HomeSection1CollectionViewCell.swift; sourceTree = "<group>"; };
/* End PBXFileReference section */

/* Begin PBXFrameworksBuildPhase section */
		0AC0C4D128CF3438004F363C /* Frameworks */ = {
			isa = PBXFrameworksBuildPhase;
			buildActionMask = 2147483647;
			files = (
				0AC0C4F228CF3598004F363C /* SnapKit in Frameworks */,
			);
			runOnlyForDeploymentPostprocessing = 0;
		};
/* End PBXFrameworksBuildPhase section */

/* Begin PBXGroup section */
		0AC0C4CB28CF3438004F363C = {
			isa = PBXGroup;
			children = (
				0AC0C4D628CF3438004F363C /* BankApp */,
				0AC0C4D528CF3438004F363C /* Products */,
			);
			sourceTree = "<group>";
		};
		0AC0C4D528CF3438004F363C /* Products */ = {
			isa = PBXGroup;
			children = (
				0AC0C4D428CF3438004F363C /* BankApp.app */,
			);
			name = Products;
			sourceTree = "<group>";
		};
		0AC0C4D628CF3438004F363C /* BankApp */ = {
			isa = PBXGroup;
			children = (
				0AC0C4ED28CF345B004F363C /* Resources */,
				0AC0C4EC28CF3455004F363C /* Controller */,
				0AC0C4EB28CF3451004F363C /* View */,
			);
			path = BankApp;
			sourceTree = "<group>";
		};
		0AC0C4EB28CF3451004F363C /* View */ = {
			isa = PBXGroup;
			children = (
				0AC0C50428CF5152004F363C /* HomeView */,
				0AC0C4E228CF343A004F363C /* LaunchScreen.storyboard */,
			);
			path = View;
			sourceTree = "<group>";
		};
		0AC0C4EC28CF3455004F363C /* Controller */ = {
			isa = PBXGroup;
			children = (
				0AC0C4EF28CF3556004F363C /* Others */,
				0AC0C4EE28CF3552004F363C /* Core */,
				0AC0C4DB28CF3438004F363C /* ViewController.swift */,
			);
			path = Controller;
			sourceTree = "<group>";
		};
		0AC0C4ED28CF345B004F363C /* Resources */ = {
			isa = PBXGroup;
			children = (
				0AC0C4D728CF3438004F363C /* AppDelegate.swift */,
				0AC0C4D928CF3438004F363C /* SceneDelegate.swift */,
				0AC0C4E028CF343A004F363C /* Assets.xcassets */,
				0AC0C4E528CF343A004F363C /* Info.plist */,
			);
			path = Resources;
			sourceTree = "<group>";
		};
		0AC0C4EE28CF3552004F363C /* Core */ = {
			isa = PBXGroup;
			children = (
				0AC0C4F428CF37B2004F363C /* TabBarController.swift */,
				0AC0C4F728CF386A004F363C /* HomeViewController.swift */,
				0AC0C4F928CF387F004F363C /* ExpensesViewController.swift */,
				0AC0C4FC28CF3898004F363C /* ChatViewController.swift */,
				0AC0C4FE28CF38A1004F363C /* HistoryViewController.swift */,
				0AC0C50028CF38AA004F363C /* SettingsViewController.swift */,
			);
			path = Core;
			sourceTree = "<group>";
		};
		0AC0C4EF28CF3556004F363C /* Others */ = {
			isa = PBXGroup;
			children = (
			);
			name = Others;
			sourceTree = "<group>";
		};
		0AC0C50428CF5152004F363C /* HomeView */ = {
			isa = PBXGroup;
			children = (
				0AC0C50228CF5116004F363C /* CollectionHeaders.swift */,
				0AC0C50528CF517B004F363C /* HomeSection0CollectionViewCell.swift */,
				0AC0C50728CF5190004F363C /* HomeSection1CollectionViewCell.swift */,
			);
			path = HomeView;
			sourceTree = "<group>";
		};
/* End PBXGroup section */

/* Begin PBXNativeTarget section */
		0AC0C4D328CF3438004F363C /* BankApp */ = {
			isa = PBXNativeTarget;
			buildConfigurationList = 0AC0C4E828CF343A004F363C /* Build configuration list for PBXNativeTarget "BankApp" */;
			buildPhases = (
				0AC0C4D028CF3438004F363C /* Sources */,
				0AC0C4D128CF3438004F363C /* Frameworks */,
				0AC0C4D228CF3438004F363C /* Resources */,
			);
			buildRules = (
			);
			dependencies = (
			);
			name = BankApp;
			packageProductDependencies = (
				0AC0C4F128CF3598004F363C /* SnapKit */,
			);
			productName = BankApp;
			productReference = 0AC0C4D428CF3438004F363C /* BankApp.app */;
			productType = "com.apple.product-type.application";
		};
/* End PBXNativeTarget section */

/* Begin PBXProject section */
		0AC0C4CC28CF3438004F363C /* Project object */ = {
			isa = PBXProject;
			attributes = {
				BuildIndependentTargetsInParallel = 1;
				LastSwiftUpdateCheck = 1340;
				LastUpgradeCheck = 1340;
				TargetAttributes = {
					0AC0C4D328CF3438004F363C = {
						CreatedOnToolsVersion = 13.4.1;
					};
				};
			};
			buildConfigurationList = 0AC0C4CF28CF3438004F363C /* Build configuration list for PBXProject "BankApp" */;
			compatibilityVersion = "Xcode 13.0";
			developmentRegion = en;
			hasScannedForEncodings = 0;
			knownRegions = (
				en,
				Base,
			);
			mainGroup = 0AC0C4CB28CF3438004F363C;
			packageReferences = (
				0AC0C4F028CF3598004F363C /* XCRemoteSwiftPackageReference "SnapKit" */,
			);
			productRefGroup = 0AC0C4D528CF3438004F363C /* Products */;
			projectDirPath = "";
			projectRoot = "";
			targets = (
				0AC0C4D328CF3438004F363C /* BankApp */,
			);
		};
/* End PBXProject section */

/* Begin PBXResourcesBuildPhase section */
		0AC0C4D228CF3438004F363C /* Resources */ = {
			isa = PBXResourcesBuildPhase;
			buildActionMask = 2147483647;
			files = (
				0AC0C4E428CF343A004F363C /* LaunchScreen.storyboard in Resources */,
				0AC0C4E128CF343A004F363C /* Assets.xcassets in Resources */,
			);
			runOnlyForDeploymentPostprocessing = 0;
		};
/* End PBXResourcesBuildPhase section */

/* Begin PBXSourcesBuildPhase section */
		0AC0C4D028CF3438004F363C /* Sources */ = {
			isa = PBXSourcesBuildPhase;
			buildActionMask = 2147483647;
			files = (
				0AC0C50828CF5190004F363C /* HomeSection1CollectionViewCell.swift in Sources */,
				0AC0C50628CF517B004F363C /* HomeSection0CollectionViewCell.swift in Sources */,
				0AC0C4F828CF386A004F363C /* HomeViewController.swift in Sources */,
				0AC0C4DC28CF3438004F363C /* ViewController.swift in Sources */,
				0AC0C4F528CF37B2004F363C /* TabBarController.swift in Sources */,
				0AC0C4FD28CF3898004F363C /* ChatViewController.swift in Sources */,
				0AC0C4D828CF3438004F363C /* AppDelegate.swift in Sources */,
				0AC0C50328CF5116004F363C /* CollectionHeaders.swift in Sources */,
				0AC0C4DA28CF3438004F363C /* SceneDelegate.swift in Sources */,
				0AC0C4FA28CF387F004F363C /* ExpensesViewController.swift in Sources */,
				0AC0C4FF28CF38A1004F363C /* HistoryViewController.swift in Sources */,
				0AC0C50128CF38AA004F363C /* SettingsViewController.swift in Sources */,
			);
			runOnlyForDeploymentPostprocessing = 0;
		};
/* End PBXSourcesBuildPhase section */

/* Begin PBXVariantGroup section */
		0AC0C4E228CF343A004F363C /* LaunchScreen.storyboard */ = {
			isa = PBXVariantGroup;
			children = (
				0AC0C4E328CF343A004F363C /* Base */,
			);
			name = LaunchScreen.storyboard;
			sourceTree = "<group>";
		};
/* End PBXVariantGroup section */

/* Begin XCBuildConfiguration section */
		0AC0C4E628CF343A004F363C /* Debug */ = {
			isa = XCBuildConfiguration;
			buildSettings = {
				ALWAYS_SEARCH_USER_PATHS = NO;
				CLANG_ANALYZER_NONNULL = YES;
				CLANG_ANALYZER_NUMBER_OBJECT_CONVERSION = YES_AGGRESSIVE;
				CLANG_CXX_LANGUAGE_STANDARD = "gnu++17";
				CLANG_ENABLE_MODULES = YES;
				CLANG_ENABLE_OBJC_ARC = YES;
				CLANG_ENABLE_OBJC_WEAK = YES;
				CLANG_WARN_BLOCK_CAPTURE_AUTORELEASING = YES;
				CLANG_WARN_BOOL_CONVERSION = YES;
				CLANG_WARN_COMMA = YES;
				CLANG_WARN_CONSTANT_CONVERSION = YES;
				CLANG_WARN_DEPRECATED_OBJC_IMPLEMENTATIONS = YES;
				CLANG_WARN_DIRECT_OBJC_ISA_USAGE = YES_ERROR;
				CLANG_WARN_DOCUMENTATION_COMMENTS = YES;
				CLANG_WARN_EMPTY_BODY = YES;
				CLANG_WARN_ENUM_CONVERSION = YES;
				CLANG_WARN_INFINITE_RECURSION = YES;
				CLANG_WARN_INT_CONVERSION = YES;
				CLANG_WARN_NON_LITERAL_NULL_CONVERSION = YES;
				CLANG_WARN_OBJC_IMPLICIT_RETAIN_SELF = YES;
				CLANG_WARN_OBJC_LITERAL_CONVERSION = YES;
				CLANG_WARN_OBJC_ROOT_CLASS = YES_ERROR;
				CLANG_WARN_QUOTED_INCLUDE_IN_FRAMEWORK_HEADER = YES;
				CLANG_WARN_RANGE_LOOP_ANALYSIS = YES;
				CLANG_WARN_STRICT_PROTOTYPES = YES;
				CLANG_WARN_SUSPICIOUS_MOVE = YES;
				CLANG_WARN_UNGUARDED_AVAILABILITY = YES_AGGRESSIVE;
				CLANG_WARN_UNREACHABLE_CODE = YES;
				CLANG_WARN__DUPLICATE_METHOD_MATCH = YES;
				COPY_PHASE_STRIP = NO;
				DEBUG_INFORMATION_FORMAT = dwarf;
				ENABLE_STRICT_OBJC_MSGSEND = YES;
				ENABLE_TESTABILITY = YES;
				GCC_C_LANGUAGE_STANDARD = gnu11;
				GCC_DYNAMIC_NO_PIC = NO;
				GCC_NO_COMMON_BLOCKS = YES;
				GCC_OPTIMIZATION_LEVEL = 0;
				GCC_PREPROCESSOR_DEFINITIONS = (
					"DEBUG=1",
					"$(inherited)",
				);
				GCC_WARN_64_TO_32_BIT_CONVERSION = YES;
				GCC_WARN_ABOUT_RETURN_TYPE = YES_ERROR;
				GCC_WARN_UNDECLARED_SELECTOR = YES;
				GCC_WARN_UNINITIALIZED_AUTOS = YES_AGGRESSIVE;
				GCC_WARN_UNUSED_FUNCTION = YES;
				GCC_WARN_UNUSED_VARIABLE = YES;
				IPHONEOS_DEPLOYMENT_TARGET = 15.5;
				MTL_ENABLE_DEBUG_INFO = INCLUDE_SOURCE;
				MTL_FAST_MATH = YES;
				ONLY_ACTIVE_ARCH = YES;
				SDKROOT = iphoneos;
				SWIFT_ACTIVE_COMPILATION_CONDITIONS = DEBUG;
				SWIFT_OPTIMIZATION_LEVEL = "-Onone";
			};
			name = Debug;
		};
		0AC0C4E728CF343A004F363C /* Release */ = {
			isa = XCBuildConfiguration;
			buildSettings = {
				ALWAYS_SEARCH_USER_PATHS = NO;
				CLANG_ANALYZER_NONNULL = YES;
				CLANG_ANALYZER_NUMBER_OBJECT_CONVERSION = YES_AGGRESSIVE;
				CLANG_CXX_LANGUAGE_STANDARD = "gnu++17";
				CLANG_ENABLE_MODULES = YES;
				CLANG_ENABLE_OBJC_ARC = YES;
				CLANG_ENABLE_OBJC_WEAK = YES;
				CLANG_WARN_BLOCK_CAPTURE_AUTORELEASING = YES;
				CLANG_WARN_BOOL_CONVERSION = YES;
				CLANG_WARN_COMMA = YES;
				CLANG_WARN_CONSTANT_CONVERSION = YES;
				CLANG_WARN_DEPRECATED_OBJC_IMPLEMENTATIONS = YES;
				CLANG_WARN_DIRECT_OBJC_ISA_USAGE = YES_ERROR;
				CLANG_WARN_DOCUMENTATION_COMMENTS = YES;
				CLANG_WARN_EMPTY_BODY = YES;
				CLANG_WARN_ENUM_CONVERSION = YES;
				CLANG_WARN_INFINITE_RECURSION = YES;
				CLANG_WARN_INT_CONVERSION = YES;
				CLANG_WARN_NON_LITERAL_NULL_CONVERSION = YES;
				CLANG_WARN_OBJC_IMPLICIT_RETAIN_SELF = YES;
				CLANG_WARN_OBJC_LITERAL_CONVERSION = YES;
				CLANG_WARN_OBJC_ROOT_CLASS = YES_ERROR;
				CLANG_WARN_QUOTED_INCLUDE_IN_FRAMEWORK_HEADER = YES;
				CLANG_WARN_RANGE_LOOP_ANALYSIS = YES;
				CLANG_WARN_STRICT_PROTOTYPES = YES;
				CLANG_WARN_SUSPICIOUS_MOVE = YES;
				CLANG_WARN_UNGUARDED_AVAILABILITY = YES_AGGRESSIVE;
				CLANG_WARN_UNREACHABLE_CODE = YES;
				CLANG_WARN__DUPLICATE_METHOD_MATCH = YES;
				COPY_PHASE_STRIP = NO;
				DEBUG_INFORMATION_FORMAT = "dwarf-with-dsym";
				ENABLE_NS_ASSERTIONS = NO;
				ENABLE_STRICT_OBJC_MSGSEND = YES;
				GCC_C_LANGUAGE_STANDARD = gnu11;
				GCC_NO_COMMON_BLOCKS = YES;
				GCC_WARN_64_TO_32_BIT_CONVERSION = YES;
				GCC_WARN_ABOUT_RETURN_TYPE = YES_ERROR;
				GCC_WARN_UNDECLARED_SELECTOR = YES;
				GCC_WARN_UNINITIALIZED_AUTOS = YES_AGGRESSIVE;
				GCC_WARN_UNUSED_FUNCTION = YES;
				GCC_WARN_UNUSED_VARIABLE = YES;
				IPHONEOS_DEPLOYMENT_TARGET = 15.5;
				MTL_ENABLE_DEBUG_INFO = NO;
				MTL_FAST_MATH = YES;
				SDKROOT = iphoneos;
				SWIFT_COMPILATION_MODE = wholemodule;
				SWIFT_OPTIMIZATION_LEVEL = "-O";
				VALIDATE_PRODUCT = YES;
			};
			name = Release;
		};
		0AC0C4E928CF343A004F363C /* Debug */ = {
			isa = XCBuildConfiguration;
			buildSettings = {
				ASSETCATALOG_COMPILER_APPICON_NAME = AppIcon;
				ASSETCATALOG_COMPILER_GLOBAL_ACCENT_COLOR_NAME = AccentColor;
				CODE_SIGN_STYLE = Automatic;
				CURRENT_PROJECT_VERSION = 1;
				DEVELOPMENT_TEAM = HJ3CX8Z5MV;
				GENERATE_INFOPLIST_FILE = YES;
				INFOPLIST_FILE = BankApp/Info.plist;
				INFOPLIST_KEY_UIApplicationSupportsIndirectInputEvents = YES;
				INFOPLIST_KEY_UILaunchStoryboardName = LaunchScreen;
				INFOPLIST_KEY_UISupportedInterfaceOrientations_iPad = "UIInterfaceOrientationPortrait UIInterfaceOrientationPortraitUpsideDown UIInterfaceOrientationLandscapeLeft UIInterfaceOrientationLandscapeRight";
				INFOPLIST_KEY_UISupportedInterfaceOrientations_iPhone = UIInterfaceOrientationPortrait;
				INFOPLIST_KEY_UIUserInterfaceStyle = LIGHT;
				LD_RUNPATH_SEARCH_PATHS = (
					"$(inherited)",
					"@executable_path/Frameworks",
				);
				MARKETING_VERSION = 1.0;
				PRODUCT_BUNDLE_IDENTIFIER = com.boraerdem.BankApp;
				PRODUCT_NAME = "$(TARGET_NAME)";
				SWIFT_EMIT_LOC_STRINGS = YES;
				SWIFT_VERSION = 5.0;
				TARGETED_DEVICE_FAMILY = "1,2";
			};
			name = Debug;
		};
		0AC0C4EA28CF343A004F363C /* Release */ = {
			isa = XCBuildConfiguration;
			buildSettings = {
				ASSETCATALOG_COMPILER_APPICON_NAME = AppIcon;
				ASSETCATALOG_COMPILER_GLOBAL_ACCENT_COLOR_NAME = AccentColor;
				CODE_SIGN_STYLE = Automatic;
				CURRENT_PROJECT_VERSION = 1;
				DEVELOPMENT_TEAM = HJ3CX8Z5MV;
				GENERATE_INFOPLIST_FILE = YES;
				INFOPLIST_FILE = BankApp/Info.plist;
				INFOPLIST_KEY_UIApplicationSupportsIndirectInputEvents = YES;
				INFOPLIST_KEY_UILaunchStoryboardName = LaunchScreen;
				INFOPLIST_KEY_UISupportedInterfaceOrientations_iPad = "UIInterfaceOrientationPortrait UIInterfaceOrientationPortraitUpsideDown UIInterfaceOrientationLandscapeLeft UIInterfaceOrientationLandscapeRight";
				INFOPLIST_KEY_UISupportedInterfaceOrientations_iPhone = UIInterfaceOrientationPortrait;
				INFOPLIST_KEY_UIUserInterfaceStyle = LIGHT;
				LD_RUNPATH_SEARCH_PATHS = (
					"$(inherited)",
					"@executable_path/Frameworks",
				);
				MARKETING_VERSION = 1.0;
				PRODUCT_BUNDLE_IDENTIFIER = com.boraerdem.BankApp;
				PRODUCT_NAME = "$(TARGET_NAME)";
				SWIFT_EMIT_LOC_STRINGS = YES;
				SWIFT_VERSION = 5.0;
				TARGETED_DEVICE_FAMILY = "1,2";
			};
			name = Release;
		};
/* End XCBuildConfiguration section */

/* Begin XCConfigurationList section */
		0AC0C4CF28CF3438004F363C /* Build configuration list for PBXProject "BankApp" */ = {
			isa = XCConfigurationList;
			buildConfigurations = (
				0AC0C4E628CF343A004F363C /* Debug */,
				0AC0C4E728CF343A004F363C /* Release */,
			);
			defaultConfigurationIsVisible = 0;
			defaultConfigurationName = Release;
		};
		0AC0C4E828CF343A004F363C /* Build configuration list for PBXNativeTarget "BankApp" */ = {
			isa = XCConfigurationList;
			buildConfigurations = (
				0AC0C4E928CF343A004F363C /* Debug */,
				0AC0C4EA28CF343A004F363C /* Release */,
			);
			defaultConfigurationIsVisible = 0;
			defaultConfigurationName = Release;
		};
/* End XCConfigurationList section */

/* Begin XCRemoteSwiftPackageReference section */
		0AC0C4F028CF3598004F363C /* XCRemoteSwiftPackageReference "SnapKit" */ = {
			isa = XCRemoteSwiftPackageReference;
			repositoryURL = "https://github.com/SnapKit/SnapKit.git";
			requirement = {
				kind = upToNextMinorVersion;
				minimumVersion = 5.6.0;
			};
		};
/* End XCRemoteSwiftPackageReference section */

/* Begin XCSwiftPackageProductDependency section */
		0AC0C4F128CF3598004F363C /* SnapKit */ = {
			isa = XCSwiftPackageProductDependency;
			package = 0AC0C4F028CF3598004F363C /* XCRemoteSwiftPackageReference "SnapKit" */;
			productName = SnapKit;
		};
/* End XCSwiftPackageProductDependency section */
	};
	rootObject = 0AC0C4CC28CF3438004F363C /* Project object */;
}
